{
  "name": "@indra.ai/researchdeva",
  "version": "0.0.6",
  "lockfileVersion": 3,
  "requires": true,
  "packages": {
    "": {
      "name": "@indra.ai/researchdeva",
      "version": "0.0.6",
      "license": "MIT",
      "dependencies": {
        "@indra.ai/deva": "^1.1.71"
      }
    },
    "node_modules/@indra.ai/deva": {
      "version": "1.1.71",
      "resolved": "https://registry.npmjs.org/@indra.ai/deva/-/deva-1.1.71.tgz",
      "integrity": "sha512-LSVq6WnnXj1zzpwcksq8QFqdOtJ9Yr7R2Ykyi0Ov5iZ5dLOlfM6EKrQXpDw8w9NSi/9gkwKCQh09ZSnGa0KdcA==",
      "engines": {
        "node": ">=10.0.0",
        "npm": ">=6.0.0"
      }
    }
  }
}
